
Microsoft Visual Studio Solution File, Format Version 11.00
# Visual Studio 2010
Project("{FAE04EC0-301F-11D3-BF4B-00C04F79EFBC}") = "EchoService", "EchoService\EchoService.csproj", "{8DF97CA2-9337-4B15-8ABA-404892CE3BC5}"
EndProject
Project("{FAE04EC0-301F-11D3-BF4B-00C04F79EFBC}") = "EchoClient", "EchoClient\EchoClient.csproj", "{97590ABB-5D3C-4423-BFA9-490E40F9F98C}"
EndProject
Project("{2150E333-8FDC-42A3-9474-1A3956D46DE8}") = "Ex2", "Ex2", "{50B3B354-6DC0-447D-8C92-66ECAA985013}"
EndProject
Project("{2150E333-8FDC-42A3-9474-1A3956D46DE8}") = "Ex1", "Ex1", "{58E476B1-AAF0-4334-A98C-1813668565C4}"
EndProject
Project("{FAE04EC0-301F-11D3-BF4B-00C04F79EFBC}") = "Sender", "Sender\Sender.csproj", "{A5C3A1F4-9ACA-4902-9DE4-ECB69BDF6777}"
EndProject
Project("{FAE04EC0-301F-11D3-BF4B-00C04F79EFBC}") = "Receiver", "Receiver\Receiver.csproj", "{B06538EA-3A9D-4C21-90B5-EDC3503908DB}"
EndProject
Project("{2150E333-8FDC-42A3-9474-1A3956D46DE8}") = "Topics", "Topics", "{1B043FEF-F71D-44C1-AAC0-1C561069CC6A}"
EndProject
Project("{FAE04EC0-301F-11D3-BF4B-00C04F79EFBC}") = "TopicsSender", "TopicsSender\TopicsSender.csproj", "{5E3F63A9-D329-4F99-801D-DC3662AEC183}"
EndProject
Project("{FAE04EC0-301F-11D3-BF4B-00C04F79EFBC}") = "TopicsReceiver", "TopicsReceiver\TopicsReceiver.csproj", "{A3955707-F499-4FF1-B49D-5A61E875934A}"
EndProject
Global
	GlobalSection(SolutionConfigurationPlatforms) = preSolution
		Debug|x86 = Debug|x86
		Release|x86 = Release|x86
	EndGlobalSection
	GlobalSection(ProjectConfigurationPlatforms) = postSolution
		{8DF97CA2-9337-4B15-8ABA-404892CE3BC5}.Debug|x86.ActiveCfg = Debug|x86
		{8DF97CA2-9337-4B15-8ABA-404892CE3BC5}.Debug|x86.Build.0 = Debug|x86
		{8DF97CA2-9337-4B15-8ABA-404892CE3BC5}.Release|x86.ActiveCfg = Release|x86
		{8DF97CA2-9337-4B15-8ABA-404892CE3BC5}.Release|x86.Build.0 = Release|x86
		{97590ABB-5D3C-4423-BFA9-490E40F9F98C}.Debug|x86.ActiveCfg = Debug|x86
		{97590ABB-5D3C-4423-BFA9-490E40F9F98C}.Debug|x86.Build.0 = Debug|x86
		{97590ABB-5D3C-4423-BFA9-490E40F9F98C}.Release|x86.ActiveCfg = Release|x86
		{97590ABB-5D3C-4423-BFA9-490E40F9F98C}.Release|x86.Build.0 = Release|x86
		{A5C3A1F4-9ACA-4902-9DE4-ECB69BDF6777}.Debug|x86.ActiveCfg = Debug|x86
		{A5C3A1F4-9ACA-4902-9DE4-ECB69BDF6777}.Debug|x86.Build.0 = Debug|x86
		{A5C3A1F4-9ACA-4902-9DE4-ECB69BDF6777}.Release|x86.ActiveCfg = Release|x86
		{A5C3A1F4-9ACA-4902-9DE4-ECB69BDF6777}.Release|x86.Build.0 = Release|x86
		{B06538EA-3A9D-4C21-90B5-EDC3503908DB}.Debug|x86.ActiveCfg = Debug|x86
		{B06538EA-3A9D-4C21-90B5-EDC3503908DB}.Debug|x86.Build.0 = Debug|x86
		{B06538EA-3A9D-4C21-90B5-EDC3503908DB}.Release|x86.ActiveCfg = Release|x86
		{B06538EA-3A9D-4C21-90B5-EDC3503908DB}.Release|x86.Build.0 = Release|x86
		{5E3F63A9-D329-4F99-801D-DC3662AEC183}.Debug|x86.ActiveCfg = Debug|x86
		{5E3F63A9-D329-4F99-801D-DC3662AEC183}.Debug|x86.Build.0 = Debug|x86
		{5E3F63A9-D329-4F99-801D-DC3662AEC183}.Release|x86.ActiveCfg = Release|x86
		{5E3F63A9-D329-4F99-801D-DC3662AEC183}.Release|x86.Build.0 = Release|x86
		{A3955707-F499-4FF1-B49D-5A61E875934A}.Debug|x86.ActiveCfg = Debug|x86
		{A3955707-F499-4FF1-B49D-5A61E875934A}.Debug|x86.Build.0 = Debug|x86
		{A3955707-F499-4FF1-B49D-5A61E875934A}.Release|x86.ActiveCfg = Release|x86
		{A3955707-F499-4FF1-B49D-5A61E875934A}.Release|x86.Build.0 = Release|x86
	EndGlobalSection
	GlobalSection(SolutionProperties) = preSolution
		HideSolutionNode = FALSE
	EndGlobalSection
	GlobalSection(NestedProjects) = preSolution
		{A5C3A1F4-9ACA-4902-9DE4-ECB69BDF6777} = {50B3B354-6DC0-447D-8C92-66ECAA985013}
		{B06538EA-3A9D-4C21-90B5-EDC3503908DB} = {50B3B354-6DC0-447D-8C92-66ECAA985013}
		{97590ABB-5D3C-4423-BFA9-490E40F9F98C} = {58E476B1-AAF0-4334-A98C-1813668565C4}
		{8DF97CA2-9337-4B15-8ABA-404892CE3BC5} = {58E476B1-AAF0-4334-A98C-1813668565C4}
		{5E3F63A9-D329-4F99-801D-DC3662AEC183} = {1B043FEF-F71D-44C1-AAC0-1C561069CC6A}
		{A3955707-F499-4FF1-B49D-5A61E875934A} = {1B043FEF-F71D-44C1-AAC0-1C561069CC6A}
	EndGlobalSection
EndGlobal
